dependencies:
- name: jmeter
  repository: file://charts/jmeter
  version: 0.1.0
- name: influxdb
  repository: file://charts/influxdb
  version: 0.1.0
- name: cleaner
  repository: file://charts/cleaner
  version: 0.1.0
- name: report-server
  repository: file://charts/report-server
  version: 0.1.0
- name: telegraf
  repository: file://charts/telegraf
  version: 0.1.0
- name: wiremock
  repository: file://charts/wiremock
  version: 0.1.0
- name: grafana
  repository: file://charts/grafana
  version: 0.1.0
- name: webapp
  repository: file://charts/webapp
  version: 0.1.0
digest: sha256:78b52758202e93cce9d34797ea8f96fda34fc9793e01f01104751ea50eebf505
generated: "2026-03-06T05:01:13.621621472+08:00"
